
Microsoft Visual Studio Solution File, Format Version 12.00
# Visual Studio Version 17
VisualStudioVersion = 17.3.32929.385
MinimumVisualStudioVersion = 10.0.40219.1
Project("{FAE04EC0-301F-11D3-BF4B-00C04F79EFBC}") = "CodeFirstEF", "CodeFirstEF\CodeFirstEF.csproj", "{7511BECE-C3C9-40E5-B6BE-E6546D251333}"
EndProject
Global
	GlobalSection(SolutionConfigurationPlatforms) = preSolution
		Debug|Any CPU = Debug|Any CPU
		Release|Any CPU = Release|Any CPU
	EndGlobalSection
	GlobalSection(ProjectConfigurationPlatforms) = postSolution
		{7511BECE-C3C9-40E5-B6BE-E6546D251333}.Debug|Any CPU.ActiveCfg = Debug|Any CPU
		{7511BECE-C3C9-40E5-B6BE-E6546D251333}.Debug|Any CPU.Build.0 = Debug|Any CPU
		{7511BECE-C3C9-40E5-B6BE-E6546D251333}.Release|Any CPU.ActiveCfg = Release|Any CPU
		{7511BECE-C3C9-40E5-B6BE-E6546D251333}.Release|Any CPU.Build.0 = Release|Any CPU
	EndGlobalSection
	GlobalSection(SolutionProperties) = preSolution
		HideSolutionNode = FALSE
	EndGlobalSection
	GlobalSection(ExtensibilityGlobals) = postSolution
		SolutionGuid = {ECF79696-52B1-43E4-B76A-9EA39025E48B}
	EndGlobalSection
EndGlobal
